version = 1
revision = 3
requires-python = ">=3.11"
resolution-markers = [
    "python_full_version >= '3.12' and sys_platform == 'win32'",
    "python_full_version < '3.12' and sys_platform == 'win32'",
    "python_full_version >= '3.12' and sys_platform == 'linux'",
    "python_full_version < '3.12' and sys_platform == 'linux'",
]
supported-markers = [
    "sys_platform == 'win32'",
    "sys_platform == 'linux'",
]

[[package]]
name = "aes-pkcs5"
version = "1.0.3"
source = { registry = '\\nas1bes\AreaFinanza/SHARE/PROGETTI ML/Python/python3_11/python packages' }
dependencies = [
    { name = "cryptography", marker = "sys_platform == 'linux' or sys_platform == 'win32'" },
]
wheels = [
    { path = "aes_pkcs5-1.0.3-py3-none-any.whl" },
]

[[package]]
name = "aiosqlite"
version = "0.20.0"
source = { registry = '\\nas1bes\AreaFinanza/SHARE/PROGETTI ML/Python/python3_11/python packages' }
dependencies = [
    { name = "typing-extensions", marker = "sys_platform == 'linux' or sys_platform == 'win32'" },
]
wheels = [
    { path = "aiosqlite-0.20.0-py3-none-any.whl" },
]

[[package]]
name = "altgraph"
version = "0.17.4"
source = { registry = '\\nas1bes\AreaFinanza/SHARE/PROGETTI ML/Python/python3_11/python packages' }
wheels = [
    { path = "altgraph-0.17.4-py2.py3-none-any.whl" },
]

[[package]]
name = "async-timeout"
version = "5.0.1"
source = { registry = '\\nas1bes\AreaFinanza/SHARE/PROGETTI ML/Python/python3_11/python packages' }
wheels = [
    { path = "async_timeout-5.0.1-py3-none-any.whl" },
]

[[package]]
name = "cffi"
version = "2.0.0"
source = { registry = '\\nas1bes\AreaFinanza/SHARE/PROGETTI ML/Python/python3_11/python packages' }
dependencies = [
    { name = "pycparser", marker = "(implementation_name != 'PyPy' and sys_platform == 'linux') or (implementation_name != 'PyPy' and sys_platform == 'win32')" },
]
wheels = [
    { path = "cffi-2.0.0-cp311-cp311-win_amd64.whl" },
]

[[package]]
name = "contourpy"
version = "1.2.1"
source = { registry = '\\nas1bes\AreaFinanza/SHARE/PROGETTI ML/Python/python3_11/python packages' }
dependencies = [
    { name = "numpy", marker = "sys_platform == 'linux' or sys_platform == 'win32'" },
]
wheels = [
    { path = "contourpy-1.2.1-cp311-cp311-win_amd64.whl" },
]

[[package]]
name = "cryptography"
version = "46.0.3"
source = { registry = '\\nas1bes\AreaFinanza/SHARE/PROGETTI ML/Python/python3_11/python packages' }
dependencies = [
    { name = "cffi", marker = "(platform_python_implementation != 'PyPy' and sys_platform == 'linux') or (platform_python_implementation != 'PyPy' and sys_platform == 'win32')" },
]
wheels = [
    { path = "cryptography-46.0.3-cp311-abi3-win_amd64.whl" },
]

[[package]]
name = "cycler"
version = "0.12.1"
source = { registry = '\\nas1bes\AreaFinanza/SHARE/PROGETTI ML/Python/python3_11/python packages' }
wheels = [
    { path = "cycler-0.12.1-py3-none-any.whl" },
]

[[package]]
name = "et-xmlfile"
version = "1.1.0"
source = { registry = '\\nas1bes\AreaFinanza/SHARE/PROGETTI ML/Python/python3_11/python packages' }
wheels = [
    { path = "et_xmlfile-1.1.0-py3-none-any.whl" },
]

[[package]]
name = "fonttools"
version = "4.53.0"
source = { registry = '\\nas1bes\AreaFinanza/SHARE/PROGETTI ML/Python/python3_11/python packages' }
wheels = [
    { path = "fonttools-4.53.0-cp311-cp311-win_amd64.whl" },
]

[[package]]
name = "kiwisolver"
version = "1.4.5"
source = { registry = '\\nas1bes\AreaFinanza/SHARE/PROGETTI ML/Python/python3_11/python packages' }
wheels = [
    { path = "kiwisolver-1.4.5-cp311-cp311-win_amd64.whl" },
]

[[package]]
name = "market-monitor"
version = "1.0"
source = { editable = "." }
dependencies = [
    { name = "aiosqlite", marker = "sys_platform == 'linux' or sys_platform == 'win32'" },
    { name = "matplotlib", marker = "sys_platform == 'linux' or sys_platform == 'win32'" },
    { name = "openpyxl", marker = "sys_platform == 'linux' or sys_platform == 'win32'" },
    { name = "pyqt5", marker = "sys_platform == 'linux' or sys_platform == 'win32'" },
    { name = "redis", marker = "sys_platform == 'linux' or sys_platform == 'win32'" },
    { name = "ruamel-yaml", marker = "sys_platform == 'linux' or sys_platform == 'win32'" },
    { name = "scipy", marker = "sys_platform == 'linux' or sys_platform == 'win32'" },
    { name = "sfm-timescaledb-queries", marker = "sys_platform == 'linux' or sys_platform == 'win32'" },
    { name = "watchdog", marker = "sys_platform == 'linux' or sys_platform == 'win32'" },
    { name = "xlwings", marker = "sys_platform == 'linux' or sys_platform == 'win32'" },
]

[package.dev-dependencies]
dev = [
    { name = "pyinstaller", marker = "sys_platform == 'linux' or sys_platform == 'win32'" },
]

[package.metadata]
requires-dist = [
    { name = "aiosqlite", specifier = ">=0.20.0" },
    { name = "matplotlib", specifier = ">=3.9.0" },
    { name = "openpyxl", specifier = ">=3.1.2" },
    { name = "pyqt5", specifier = ">=5.15.11" },
    { name = "redis", specifier = ">=6.2.0" },
    { name = "ruamel-yaml", specifier = ">=0.18.6" },
    { name = "scipy", specifier = ">=1.16.0" },
    { name = "sfm-timescaledb-queries", specifier = ">=1.0.72117" },
    { name = "watchdog", specifier = ">=2.2.1" },
    { name = "xlwings", specifier = ">=0.31.4" },
]

[package.metadata.requires-dev]
dev = [{ name = "pyinstaller", specifier = ">=6.10.0" }]

[[package]]
name = "matplotlib"
version = "3.9.0"
source = { registry = '\\nas1bes\AreaFinanza/SHARE/PROGETTI ML/Python/python3_11/python packages' }
dependencies = [
    { name = "contourpy", marker = "sys_platform == 'linux' or sys_platform == 'win32'" },
    { name = "cycler", marker = "sys_platform == 'linux' or sys_platform == 'win32'" },
    { name = "fonttools", marker = "sys_platform == 'linux' or sys_platform == 'win32'" },
    { name = "kiwisolver", marker = "sys_platform == 'linux' or sys_platform == 'win32'" },
    { name = "numpy", marker = "sys_platform == 'linux' or sys_platform == 'win32'" },
    { name = "packaging", marker = "sys_platform == 'linux' or sys_platform == 'win32'" },
    { name = "pillow", marker = "sys_platform == 'linux' or sys_platform == 'win32'" },
    { name = "pyparsing", marker = "sys_platform == 'linux' or sys_platform == 'win32'" },
    { name = "python-dateutil", marker = "sys_platform == 'linux' or sys_platform == 'win32'" },
]
wheels = [
    { path = "matplotlib-3.9.0-cp311-cp311-win_amd64.whl" },
]

[[package]]
name = "mysql"
version = "0.0.3"
source = { registry = '\\nas1bes\AreaFinanza/SHARE/PROGETTI ML/Python/python3_11/python packages' }
dependencies = [
    { name = "mysqlclient", marker = "sys_platform == 'linux' or sys_platform == 'win32'" },
]
wheels = [
    { path = "mysql-0.0.3-py3-none-any.whl" },
]

[[package]]
name = "mysql-connector-python"
version = "9.0.0"
source = { registry = '\\nas1bes\AreaFinanza/SHARE/PROGETTI ML/Python/python3_11/python packages' }
wheels = [
    { path = "mysql_connector_python-9.0.0-cp311-cp311-win_amd64.whl" },
]

[[package]]
name = "mysqlclient"
version = "2.2.4"
source = { registry = '\\nas1bes\AreaFinanza/SHARE/PROGETTI ML/Python/python3_11/python packages' }
wheels = [
    { path = "mysqlclient-2.2.4-cp311-cp311-win_amd64.whl" },
]

[[package]]
name = "numpy"
version = "2.3.1"
source = { registry = '\\nas1bes\AreaFinanza/SHARE/PROGETTI ML/Python/python3_11/python packages' }
wheels = [
    { path = "numpy-2.3.1-cp311-cp311-win_amd64.whl" },
]

[[package]]
name = "openpyxl"
version = "3.1.2"
source = { registry = '\\nas1bes\AreaFinanza/SHARE/PROGETTI ML/Python/python3_11/python packages' }
dependencies = [
    { name = "et-xmlfile", marker = "sys_platform == 'linux' or sys_platform == 'win32'" },
]
wheels = [
    { path = "openpyxl-3.1.2-py2.py3-none-any.whl" },
]

[[package]]
name = "oracledb"
version = "2.3.0"
source = { registry = '\\nas1bes\AreaFinanza/SHARE/PROGETTI ML/Python/python3_11/python packages' }
dependencies = [
    { name = "cryptography", marker = "sys_platform == 'linux' or sys_platform == 'win32'" },
]
wheels = [
    { path = "oracledb-2.3.0-cp311-cp311-win_amd64.whl" },
]

[[package]]
name = "packaging"
version = "25.0"
source = { registry = '\\nas1bes\AreaFinanza/SHARE/PROGETTI ML/Python/python3_11/python packages' }
wheels = [
    { path = "packaging-25.0-py3-none-any.whl" },
]

[[package]]
name = "pandas"
version = "2.3.1"
source = { registry = '\\nas1bes\AreaFinanza/SHARE/PROGETTI ML/Python/python3_11/python packages' }
dependencies = [
    { name = "numpy", marker = "sys_platform == 'linux' or sys_platform == 'win32'" },
    { name = "python-dateutil", marker = "sys_platform == 'linux' or sys_platform == 'win32'" },
    { name = "pytz", marker = "sys_platform == 'linux' or sys_platform == 'win32'" },
    { name = "tzdata", marker = "sys_platform == 'linux' or sys_platform == 'win32'" },
]
wheels = [
    { path = "pandas-2.3.1-cp311-cp311-win_amd64.whl" },
]

[[package]]
name = "pefile"
version = "2024.8.26"
source = { registry = '\\nas1bes\AreaFinanza/SHARE/PROGETTI ML/Python/python3_11/python packages' }
wheels = [
    { path = "pefile-2024.8.26-py3-none-any.whl" },
]

[[package]]
name = "pillow"
version = "10.3.0"
source = { registry = '\\nas1bes\AreaFinanza/SHARE/PROGETTI ML/Python/python3_11/python packages' }
wheels = [
    { path = "pillow-10.3.0-cp311-cp311-win_amd64.whl" },
]

[[package]]
name = "psycopg2"
version = "2.9.9"
source = { registry = '\\nas1bes\AreaFinanza/SHARE/PROGETTI ML/Python/python3_11/python packages' }
wheels = [
    { path = "psycopg2-2.9.9-cp311-cp311-win_amd64.whl" },
]

[[package]]
name = "pycparser"
version = "2.23"
source = { registry = '\\nas1bes\AreaFinanza/SHARE/PROGETTI ML/Python/python3_11/python packages' }
wheels = [
    { path = "pycparser-2.23-py3-none-any.whl" },
]

[[package]]
name = "pyinstaller"
version = "6.10.0"
source = { registry = '\\nas1bes\AreaFinanza/SHARE/PROGETTI ML/Python/python3_11/python packages' }
dependencies = [
    { name = "altgraph", marker = "sys_platform == 'linux' or sys_platform == 'win32'" },
    { name = "packaging", marker = "sys_platform == 'linux' or sys_platform == 'win32'" },
    { name = "pefile", marker = "sys_platform == 'win32'" },
    { name = "pyinstaller-hooks-contrib", marker = "sys_platform == 'linux' or sys_platform == 'win32'" },
    { name = "pywin32-ctypes", marker = "sys_platform == 'win32'" },
    { name = "setuptools", marker = "sys_platform == 'linux' or sys_platform == 'win32'" },
]
wheels = [
    { path = "pyinstaller-6.10.0-py3-none-win_amd64.whl" },
]

[[package]]
name = "pyinstaller-hooks-contrib"
version = "2024.8"
source = { registry = '\\nas1bes\AreaFinanza/SHARE/PROGETTI ML/Python/python3_11/python packages' }
dependencies = [
    { name = "packaging", marker = "sys_platform == 'linux' or sys_platform == 'win32'" },
    { name = "setuptools", marker = "sys_platform == 'linux' or sys_platform == 'win32'" },
]
wheels = [
    { path = "pyinstaller_hooks_contrib-2024.8-py3-none-any.whl" },
]

[[package]]
name = "pymssql"
version = "2.3.1"
source = { registry = '\\nas1bes\AreaFinanza/SHARE/PROGETTI ML/Python/python3_11/python packages' }
wheels = [
    { path = "pymssql-2.3.1-cp311-cp311-win_amd64.whl" },
]

[[package]]
name = "pyparsing"
version = "3.1.2"
source = { registry = '\\nas1bes\AreaFinanza/SHARE/PROGETTI ML/Python/python3_11/python packages' }
wheels = [
    { path = "pyparsing-3.1.2-py3-none-any.whl" },
]

[[package]]
name = "pyqt5"
version = "5.15.11"
source = { registry = '\\nas1bes\AreaFinanza/SHARE/PROGETTI ML/Python/python3_11/python packages' }
dependencies = [
    { name = "pyqt5-qt5", marker = "sys_platform == 'linux' or sys_platform == 'win32'" },
    { name = "pyqt5-sip", marker = "sys_platform == 'linux' or sys_platform == 'win32'" },
]
wheels = [
    { path = "PyQt5-5.15.11-cp38-abi3-win_amd64.whl" },
]

[[package]]
name = "pyqt5-qt5"
version = "5.15.2"
source = { registry = '\\nas1bes\AreaFinanza/SHARE/PROGETTI ML/Python/python3_11/python packages' }
wheels = [
    { path = "PyQt5_Qt5-5.15.2-py3-none-win_amd64.whl" },
]

[[package]]
name = "pyqt5-sip"
version = "12.16.1"
source = { registry = '\\nas1bes\AreaFinanza/SHARE/PROGETTI ML/Python/python3_11/python packages' }
wheels = [
    { path = "PyQt5_sip-12.16.1-cp311-cp311-win_amd64.whl" },
]

[[package]]
name = "python-dateutil"
version = "2.9.0.post0"
source = { registry = '\\nas1bes\AreaFinanza/SHARE/PROGETTI ML/Python/python3_11/python packages' }
dependencies = [
    { name = "six", marker = "sys_platform == 'linux' or sys_platform == 'win32'" },
]
wheels = [
    { path = "python_dateutil-2.9.0.post0-py2.py3-none-any.whl" },
]

[[package]]
name = "python-dotenv"
version = "1.0.1"
source = { registry = '\\nas1bes\AreaFinanza/SHARE/PROGETTI ML/Python/python3_11/python packages' }
wheels = [
    { path = "python_dotenv-1.0.1-py3-none-any.whl" },
]

[[package]]
name = "pytz"
version = "2025.2"
source = { registry = '\\nas1bes\AreaFinanza/SHARE/PROGETTI ML/Python/python3_11/python packages' }
wheels = [
    { path = "pytz-2025.2-py2.py3-none-any.whl" },
]

[[package]]
name = "pywin32"
version = "311"
source = { registry = '\\nas1bes\AreaFinanza/SHARE/PROGETTI ML/Python/python3_11/python packages' }
wheels = [
    { path = "pywin32-311-cp311-cp311-win_amd64.whl" },
]

[[package]]
name = "pywin32-ctypes"
version = "0.2.3"
source = { registry = '\\nas1bes\AreaFinanza/SHARE/PROGETTI ML/Python/python3_11/python packages' }
wheels = [
    { path = "pywin32_ctypes-0.2.3-py3-none-any.whl" },
]

[[package]]
name = "redis"
version = "6.2.0"
source = { registry = '\\nas1bes\AreaFinanza/SHARE/PROGETTI ML/Python/python3_11/python packages' }
dependencies = [
    { name = "async-timeout", marker = "(python_full_version < '3.11.3' and sys_platform == 'linux') or (python_full_version < '3.11.3' and sys_platform == 'win32')" },
]
wheels = [
    { path = "redis-6.2.0-py3-none-any.whl" },
]

[[package]]
name = "ruamel-yaml"
version = "0.18.6"
source = { registry = '\\nas1bes\AreaFinanza/SHARE/PROGETTI ML/Python/python3_11/python packages' }
dependencies = [
    { name = "ruamel-yaml-clib", marker = "(python_full_version < '3.13' and platform_python_implementation == 'CPython' and sys_platform == 'linux') or (python_full_version < '3.13' and platform_python_implementation == 'CPython' and sys_platform == 'win32')" },
]
wheels = [
    { path = "ruamel.yaml-0.18.6-py3-none-any.whl" },
]

[[package]]
name = "ruamel-yaml-clib"
version = "0.2.8"
source = { registry = '\\nas1bes\AreaFinanza/SHARE/PROGETTI ML/Python/python3_11/python packages' }
wheels = [
    { path = "ruamel.yaml.clib-0.2.8-cp311-cp311-win_amd64.whl" },
]

[[package]]
name = "scipy"
version = "1.16.0"
source = { registry = '\\nas1bes\AreaFinanza/SHARE/PROGETTI ML/Python/python3_11/python packages' }
dependencies = [
    { name = "numpy", marker = "sys_platform == 'linux' or sys_platform == 'win32'" },
]
wheels = [
    { path = "scipy-1.16.0-cp311-cp311-win_amd64.whl" },
]

[[package]]
name = "setuptools"
version = "75.6.0"
source = { registry = '\\nas1bes\AreaFinanza/SHARE/PROGETTI ML/Python/python3_11/python packages' }
wheels = [
    { path = "setuptools-75.6.0-py3-none-any.whl" },
]

[[package]]
name = "sfm-cryptography"
version = "1.0.71170"
source = { registry = '\\nas1bes\AreaFinanza/SHARE/PROGETTI ML/Python/python3_11/python packages' }
dependencies = [
    { name = "aes-pkcs5", marker = "sys_platform == 'linux' or sys_platform == 'win32'" },
]
wheels = [
    { path = "sfm_cryptography-1.0.71170-py3-none-any.whl" },
]

[[package]]
name = "sfm-dbconnections"
version = "1.1.75128"
source = { registry = '\\nas1bes\AreaFinanza/SHARE/PROGETTI ML/Python/python3_11/python packages' }
dependencies = [
    { name = "mysql", marker = "sys_platform == 'linux' or sys_platform == 'win32'" },
    { name = "mysql-connector-python", marker = "sys_platform == 'linux' or sys_platform == 'win32'" },
    { name = "numpy", marker = "sys_platform == 'linux' or sys_platform == 'win32'" },
    { name = "oracledb", marker = "sys_platform == 'linux' or sys_platform == 'win32'" },
    { name = "psycopg2", marker = "sys_platform == 'linux' or sys_platform == 'win32'" },
    { name = "pymssql", marker = "sys_platform == 'linux' or sys_platform == 'win32'" },
    { name = "python-dotenv", marker = "sys_platform == 'linux' or sys_platform == 'win32'" },
    { name = "sfm-cryptography", marker = "sys_platform == 'linux' or sys_platform == 'win32'" },
]
wheels = [
    { path = "sfm_dbconnections-1.1.75128-py3-none-any.whl" },
]

[[package]]
name = "sfm-timescaledb-queries"
version = "1.1.75787"
source = { registry = '\\nas1bes\AreaFinanza/SHARE/PROGETTI ML/Python/python3_11/python packages' }
dependencies = [
    { name = "pandas", marker = "sys_platform == 'linux' or sys_platform == 'win32'" },
    { name = "sfm-dbconnections", marker = "sys_platform == 'linux' or sys_platform == 'win32'" },
]
wheels = [
    { path = "sfm_timescaledb_queries-1.1.75787-py3-none-any.whl" },
]

[[package]]
name = "six"
version = "1.17.0"
source = { registry = '\\nas1bes\AreaFinanza/SHARE/PROGETTI ML/Python/python3_11/python packages' }
wheels = [
    { path = "six-1.17.0-py2.py3-none-any.whl" },
]

[[package]]
name = "typing-extensions"
version = "4.12.2"
source = { registry = '\\nas1bes\AreaFinanza/SHARE/PROGETTI ML/Python/python3_11/python packages' }
wheels = [
    { path = "typing_extensions-4.12.2-py3-none-any.whl" },
]

[[package]]
name = "tzdata"
version = "2025.2"
source = { registry = '\\nas1bes\AreaFinanza/SHARE/PROGETTI ML/Python/python3_11/python packages' }
wheels = [
    { path = "tzdata-2025.2-py2.py3-none-any.whl" },
]

[[package]]
name = "watchdog"
version = "2.2.1"
source = { registry = '\\nas1bes\AreaFinanza/SHARE/PROGETTI ML/Python/python3_11/python packages' }
wheels = [
    { path = "watchdog-2.2.1-py3-none-win_amd64.whl" },
]

[[package]]
name = "xlwings"
version = "0.33.16"
source = { registry = '\\nas1bes\AreaFinanza/SHARE/PROGETTI ML/Python/python3_11/python packages' }
dependencies = [
    { name = "pywin32", marker = "sys_platform == 'win32'" },
]
wheels = [
    { path = "xlwings-0.33.16-cp311-cp311-win_amd64.whl" },
]
